
Microsoft Visual Studio Solution File, Format Version 12.00
# Visual Studio Version 16
VisualStudioVersion = 16.0.30523.141
MinimumVisualStudioVersion = 10.0.40219.1
Project("{FAE04EC0-301F-11D3-BF4B-00C04F79EFBC}") = "ImageGallerySearch", "ImageGallerySearch.csproj", "{DA7C8D16-1C3D-4CDA-B684-0C0BFBF41544}"
EndProject
Global
	GlobalSection(SolutionConfigurationPlatforms) = preSolution
		Debug|Any CPU = Debug|Any CPU
		Release|Any CPU = Release|Any CPU
	EndGlobalSection
	GlobalSection(ProjectConfigurationPlatforms) = postSolution
		{DA7C8D16-1C3D-4CDA-B684-0C0BFBF41544}.Debug|Any CPU.ActiveCfg = Debug|Any CPU
		{DA7C8D16-1C3D-4CDA-B684-0C0BFBF41544}.Debug|Any CPU.Build.0 = Debug|Any CPU
		{DA7C8D16-1C3D-4CDA-B684-0C0BFBF41544}.Release|Any CPU.ActiveCfg = Release|Any CPU
		{DA7C8D16-1C3D-4CDA-B684-0C0BFBF41544}.Release|Any CPU.Build.0 = Release|Any CPU
	EndGlobalSection
	GlobalSection(SolutionProperties) = preSolution
		HideSolutionNode = FALSE
	EndGlobalSection
	GlobalSection(ExtensibilityGlobals) = postSolution
		SolutionGuid = {D6306A74-7777-4BCE-86CB-1547D7C889C4}
	EndGlobalSection
EndGlobal
